
Microsoft Visual Studio Solution File, Format Version 12.00
# Visual Studio Version 17
VisualStudioVersion = 17.12.35707.178
MinimumVisualStudioVersion = 10.0.40219.1
Project("{FAE04EC0-301F-11D3-BF4B-00C04F79EFBC}") = "ProductsManager.WebSite", "ProductsManager.WebSite\ProductsManager.WebSite.csproj", "{A6D6A3CF-65A5-479F-9E85-9EDE45A0BE3C}"
EndProject
Project("{FAE04EC0-301F-11D3-BF4B-00C04F79EFBC}") = "ProductsManager.Core", "ProductsManager.Core\ProductsManager.Core.csproj", "{98F4A2C8-CBD5-4DD5-A1F2-0266B35297A4}"
EndProject
Project("{FAE04EC0-301F-11D3-BF4B-00C04F79EFBC}") = "ProductsManager.FuncAPI", "ProductsManager.FuncAPI\ProductsManager.FuncAPI.csproj", "{CDFDCB76-704B-427C-8118-0584ACC2BBA9}"
EndProject
Project("{FAE04EC0-301F-11D3-BF4B-00C04F79EFBC}") = "ProductsManager.FunAPIClient", "ProductsManager.FunAPIClient\ProductsManager.FunAPIClient.csproj", "{68D504E0-F15E-49FC-9AE3-5DF2E384E9A2}"
EndProject
Project("{2150E333-8FDC-42A3-9474-1A3956D46DE8}") = "LoadTests", "LoadTests", "{A02C61CD-07AA-4A60-ACA3-540C8A2BC708}"
	ProjectSection(SolutionItems) = preProject
		LoadTests\SimpleLoadTest.js = LoadTests\SimpleLoadTest.js
	EndProjectSection
EndProject
Project("{2150E333-8FDC-42A3-9474-1A3956D46DE8}") = "Solution Items", "Solution Items", "{2F9E3598-E960-40C6-8F5A-8A073BC59BC8}"
	ProjectSection(SolutionItems) = preProject
		Commands.md = Commands.md
	EndProjectSection
EndProject
Global
	GlobalSection(SolutionConfigurationPlatforms) = preSolution
		Debug|Any CPU = Debug|Any CPU
		Release|Any CPU = Release|Any CPU
	EndGlobalSection
	GlobalSection(ProjectConfigurationPlatforms) = postSolution
		{A6D6A3CF-65A5-479F-9E85-9EDE45A0BE3C}.Debug|Any CPU.ActiveCfg = Debug|Any CPU
		{A6D6A3CF-65A5-479F-9E85-9EDE45A0BE3C}.Debug|Any CPU.Build.0 = Debug|Any CPU
		{A6D6A3CF-65A5-479F-9E85-9EDE45A0BE3C}.Release|Any CPU.ActiveCfg = Release|Any CPU
		{A6D6A3CF-65A5-479F-9E85-9EDE45A0BE3C}.Release|Any CPU.Build.0 = Release|Any CPU
		{98F4A2C8-CBD5-4DD5-A1F2-0266B35297A4}.Debug|Any CPU.ActiveCfg = Debug|Any CPU
		{98F4A2C8-CBD5-4DD5-A1F2-0266B35297A4}.Debug|Any CPU.Build.0 = Debug|Any CPU
		{98F4A2C8-CBD5-4DD5-A1F2-0266B35297A4}.Release|Any CPU.ActiveCfg = Release|Any CPU
		{98F4A2C8-CBD5-4DD5-A1F2-0266B35297A4}.Release|Any CPU.Build.0 = Release|Any CPU
		{CDFDCB76-704B-427C-8118-0584ACC2BBA9}.Debug|Any CPU.ActiveCfg = Debug|Any CPU
		{CDFDCB76-704B-427C-8118-0584ACC2BBA9}.Debug|Any CPU.Build.0 = Debug|Any CPU
		{CDFDCB76-704B-427C-8118-0584ACC2BBA9}.Release|Any CPU.ActiveCfg = Release|Any CPU
		{CDFDCB76-704B-427C-8118-0584ACC2BBA9}.Release|Any CPU.Build.0 = Release|Any CPU
		{68D504E0-F15E-49FC-9AE3-5DF2E384E9A2}.Debug|Any CPU.ActiveCfg = Debug|Any CPU
		{68D504E0-F15E-49FC-9AE3-5DF2E384E9A2}.Debug|Any CPU.Build.0 = Debug|Any CPU
		{68D504E0-F15E-49FC-9AE3-5DF2E384E9A2}.Release|Any CPU.ActiveCfg = Release|Any CPU
		{68D504E0-F15E-49FC-9AE3-5DF2E384E9A2}.Release|Any CPU.Build.0 = Release|Any CPU
	EndGlobalSection
	GlobalSection(SolutionProperties) = preSolution
		HideSolutionNode = FALSE
	EndGlobalSection
EndGlobal
